
Microsoft Visual Studio Solution File, Format Version 12.00
Project("{FAE04EC0-301F-11D3-BF4B-00C04F79EFBC}") = "EventFeed.Producer", "EventFeed.Producer\EventFeed.Producer.csproj", "{1875BB92-310A-4510-992F-0A913097BD55}"
EndProject
Project("{FAE04EC0-301F-11D3-BF4B-00C04F79EFBC}") = "EventFeed.Consumer", "EventFeed.Consumer\EventFeed.Consumer.csproj", "{1955F674-5568-49EF-83AC-A629F40DE2C2}"
EndProject
Global
	GlobalSection(SolutionConfigurationPlatforms) = preSolution
		Debug|Any CPU = Debug|Any CPU
		Release|Any CPU = Release|Any CPU
	EndGlobalSection
	GlobalSection(ProjectConfigurationPlatforms) = postSolution
		{1875BB92-310A-4510-992F-0A913097BD55}.Debug|Any CPU.ActiveCfg = Debug|Any CPU
		{1875BB92-310A-4510-992F-0A913097BD55}.Debug|Any CPU.Build.0 = Debug|Any CPU
		{1875BB92-310A-4510-992F-0A913097BD55}.Release|Any CPU.ActiveCfg = Release|Any CPU
		{1875BB92-310A-4510-992F-0A913097BD55}.Release|Any CPU.Build.0 = Release|Any CPU
		{1955F674-5568-49EF-83AC-A629F40DE2C2}.Debug|Any CPU.ActiveCfg = Debug|Any CPU
		{1955F674-5568-49EF-83AC-A629F40DE2C2}.Debug|Any CPU.Build.0 = Debug|Any CPU
		{1955F674-5568-49EF-83AC-A629F40DE2C2}.Release|Any CPU.ActiveCfg = Release|Any CPU
		{1955F674-5568-49EF-83AC-A629F40DE2C2}.Release|Any CPU.Build.0 = Release|Any CPU
	EndGlobalSection
EndGlobal
